---
version: 1
cacheKey: 0
---

# This file is generated by running "ocebuild" inside your project.
# Manual changes might be lost - proceed with caution!

dependencies:
  ACPI:
    SSDT-A:
      path: './ACPI/SSDT-A.dsl'
      resolution: 'SSDT-A@file:ACPI/SSDT-A.dsl#checksum=40f7c7e450563729fbf9305af5ba30f97b24e2d48f4f08482ad58cd1c79972f1'
      specifier: 'SSDT-A@file:ACPI/SSDT-A.dsl'
      kind: SSDT
    SSDT-B:
      path: './ACPI/SSDT-B.dsl'
      resolution: 'SSDT-B@file:../../example/src/ACPI/SSDT-B.dsl#checksum=5985e6d767efdaa3381c0970b3a603399c632d1e5ef786be596aa24b26ada1a9'
      specifier: 'SSDT-B@file:../../example/src/ACPI/SSDT-B.dsl'
      kind: SSDT
  Kexts:
    AirportItlwm-BigSur:
      build: DEBUG
      url: 'https://github.com/OpenIntelWireless/itlwm/releases/download/v2.3.0-alpha/AirportItlwm-Big_Sur-v2.3.0-DEBUG-alpha-f1cad0f.zip'
      version: 2.3.0
      resolution: 'OpenIntelWireless/itlwm@github:2.3.0#commit=bd47afe94836e178402bf9ca7bb031d35ea6d90b'
      specifier: 'OpenIntelWireless/itlwm@github:^2.1.0'
      kind: Kext
    AirportItlwmVentura:
      build: DEBUG
      url: 'https://github.com/OpenIntelWireless/itlwm/releases/download/v2.3.0-alpha/AirportItlwm-Ventura-v2.3.0-DEBUG-alpha-f1cad0f.zip'
      version: 2.3.0
      resolution: 'OpenIntelWireless/itlwm@github:2.3.0#commit=bd47afe94836e178402bf9ca7bb031d35ea6d90b'
      specifier: 'OpenIntelWireless/itlwm@github:^2.2.0'
      kind: Kext
    Foo:
      path: ./Kexts/UTBMap.kext
      resolution: 'Foo@file:Kexts/UTBMap.kext#checksum=872f8d5644ba2358dead1fdd657979dd76c1408546efa9411a44e8a8106e6732'
      specifier: 'Foo@file:Kexts/UTBMap.kext'
      kind: Kext
    VoodooI2C:
      build: DEBUG
      url: 'https://github.com/VoodooI2C/VoodooI2C/releases/download/2.8/VoodooI2C-2.8.zip'
      version: 2.8
      resolution: 'VoodooI2C/VoodooI2C@github:2.8#commit=17a5f58227a164b426011fd077a5c549766474b3'
      specifier: 'VoodooI2C/VoodooI2C@github:2.8'
      kind: Kext
    WhateverGreen:
      build: DEBUG
      url: 'https://github.com/dortania/build-repo/releases/download/WhateverGreen-c7c8dc7/WhateverGreen-1.6.6-DEBUG.zip'
      version: 1.6.6
      resolution: 'acidanthera/WhateverGreen@github:1.6.6#commit=c7c8dc70381af3b48a4b65c177acf8835da080eb'
      specifier: 'acidanthera/WhateverGreen@github'
      kind: Kext
  OpenCorePkg:
    OcBinaryData:
      build: DEBUG
      url: 'https://github.com/acidanthera/OcBinaryData/archive/4e7e1b7465aae297d706afe5de5c4d1572d86917.tar.gz'
      resolution: 'acidanthera/OcBinaryData@github#commit=4e7e1b7465aae297d706afe5de5c4d1572d86917'
      specifier: 'acidanthera/OcBinaryData@github:latest'
      kind: Binary
    OpenCore:
      build: DEBUG
      url: 'https://github.com/acidanthera/OpenCorePkg/releases/download/0.9.3/OpenCore-0.9.3-DEBUG.zip'
      version: 0.9.3
      resolution: 'acidanthera/OpenCorePkg@github:0.9.3#commit=d52fc46ba650ce1afe00c354331a0657a533ef18'
      specifier: 'acidanthera/OpenCorePkg@github:latest'
      kind: Binary