---
version: '0.0.0-dev'
cacheKey: 0
---

# This file is generated by running "oce-build" inside your project.
# Manual changes might be lost - proceed with caution!

dependencies:
  Kexts:
    AirportItlwm-BigSur:
      build: DEBUG
      url: 'https://github.com/OpenIntelWireless/itlwm/releases/download/v2.3.0-alpha/AirportItlwm-Big_Sur-v2.3.0-DEBUG-alpha-f1cad0f.zip'
      version: 2.3.0
      resolution: 'OpenIntelWireless/itlwm@github:2.3.0#commit=bd47afe94836e178402bf9ca7bb031d35ea6d90b'
      specifier: 'OpenIntelWireless/itlwm@github:^2.1.0'
      kind: Kext
    AirportItlwm-Ventura:
      build: DEBUG
      url: 'https://github.com/OpenIntelWireless/itlwm/releases/download/v2.3.0-alpha/AirportItlwm-Ventura-v2.3.0-DEBUG-alpha-f1cad0f.zip'
      version: 2.3.0
      resolution: 'OpenIntelWireless/itlwm@github:2.3.0#commit=bd47afe94836e178402bf9ca7bb031d35ea6d90b'
      specifier: 'OpenIntelWireless/itlwm@github:^2.2.0'
      kind: Kext
    Foo:
      path: ./Kexts/UTBMap.kext
      resolution: 'Foo@file:Kexts/UTBMap.kext#checksum=872f8d5644ba2358dead1fdd657979dd76c1408546efa9411a44e8a8106e6732'
      specifier: 'Foo@file:Kexts/UTBMap.kext'
      kind: Kext
    RestrictEvents:
      build: DEBUG
      url: 'https://github.com/acidanthera/RestrictEvents/suites/13511383482/artifacts/742567994'
      resolution: 'acidanthera/RestrictEvents@github#commit=e5c52564f5bca1aebbd916f2753f5a58809703a8'
      specifier: 'acidanthera/RestrictEvents@github'
      kind: Kext
    RestrictEvents-1:
      build: DEBUG
      url: 'https://github.com/acidanthera/RestrictEvents/suites/13511383482/artifacts/742567994'
      resolution: 'acidanthera/RestrictEvents@github#commit=e5c52564f5bca1aebbd916f2753f5a58809703a8'
      specifier: 'acidanthera/RestrictEvents@github#commit=e5c52564f5bca1aebbd916f2753f5a58809703a8'
      kind: Kext
    VoodooI2C:
      build: DEBUG
      url: 'https://github.com/VoodooI2C/VoodooI2C/releases/download/2.8/VoodooI2C-Debug-Symbols-2.8.zip'
      version: 2.8
      resolution: 'VoodooI2C/VoodooI2C@github:2.8#commit=17a5f58227a164b426011fd077a5c549766474b3'
      specifier: 'VoodooI2C/VoodooI2C@github:2.8'
      kind: Kext
    WhateverGreen:
      build: DEBUG
      url: 'https://github.com/dortania/build-repo/releases/download/WhateverGreen-de66827/WhateverGreen-1.6.6-DEBUG.zip'
      version: 1.6.6
      resolution: 'acidanthera/WhateverGreen@github:1.6.6#commit=de66827310e05afc08e81b3ef418c75851681e2a'
      specifier: 'acidanthera/WhateverGreen@github'
      kind: Kext
  OpenCorePkg:
    OpenCore:
      build: DEBUG
      url: 'https://github.com/acidanthera/OpenCorePkg/releases/download/0.9.3/OpenCore-0.9.3-DEBUG.zip'
      version: 0.9.3
      resolution: 'acidanthera/OpenCorePkg@github:0.9.3#commit=d52fc46ba650ce1afe00c354331a0657a533ef18'
      specifier: 'acidanthera/OpenCorePkg@github:latest'
      kind: Binary